{
  "name": "CapstoneProjectTeam4",
  "lockfileVersion": 2,
  "requires": true,
  "packages": {
    "node_modules/react-firebase-hooks": {
      "version": "2.2.0",
      "resolved": "https://registry.npmjs.org/react-firebase-hooks/-/react-firebase-hooks-2.2.0.tgz",
      "integrity": "sha512-bwBaCYa8M+bpTqD0masAPGDTzxiTkGbyxv363hyR+NeNH1HbezPll6G7aMIGl+7OOYRPzfdmpkk72zc3VgXfEw=="
    }
  },
  "dependencies": {
    "react-firebase-hooks": {
      "version": "https://registry.npmjs.org/react-firebase-hooks/-/react-firebase-hooks-2.2.0.tgz",
      "integrity": "sha512-bwBaCYa8M+bpTqD0masAPGDTzxiTkGbyxv363hyR+NeNH1HbezPll6G7aMIGl+7OOYRPzfdmpkk72zc3VgXfEw=="
    }
  }
}
